// !$*UTF8*$!
{
	archiveVersion = 1;
	classes = {
	};
	objectVersion = 46;
	objects = {

/* Begin PBXBuildFile section */
		9E25ACEA1411E2AC00AA9459 /* UIKit.framework in Frameworks */ = {isa = PBXBuildFile; fileRef = 9E25ACE91411E2AC00AA9459 /* UIKit.framework */; };
		9E25ACEC1411E2AC00AA9459 /* Foundation.framework in Frameworks */ = {isa = PBXBuildFile; fileRef = 9E25ACEB1411E2AC00AA9459 /* Foundation.framework */; };
		9E25ACEE1411E2AC00AA9459 /* CoreGraphics.framework in Frameworks */ = {isa = PBXBuildFile; fileRef = 9E25ACED1411E2AC00AA9459 /* CoreGraphics.framework */; };
		9E25ACF41411E2AC00AA9459 /* InfoPlist.strings in Resources */ = {isa = PBXBuildFile; fileRef = 9E25ACF21411E2AC00AA9459 /* InfoPlist.strings */; };
		9E25ACF61411E2AC00AA9459 /* main.m in Sources */ = {isa = PBXBuildFile; fileRef = 9E25ACF51411E2AC00AA9459 /* main.m */; };
		9E25ACFA1411E2AC00AA9459 /* myOSAppDelegate.m in Sources */ = {isa = PBXBuildFile; fileRef = 9E25ACF91411E2AC00AA9459 /* myOSAppDelegate.m */; };
		9E25ACFD1411E2AC00AA9459 /* MainWindow.xib in Resources */ = {isa = PBXBuildFile; fileRef = 9E25ACFB1411E2AC00AA9459 /* MainWindow.xib */; };
/* End PBXBuildFile section */

/* Begin PBXFileReference section */
		9E25ACE51411E2AC00AA9459 /* myOS.app */ = {isa = PBXFileReference; explicitFileType = wrapper.application; includeInIndex = 0; path = myOS.app; sourceTree = BUILT_PRODUCTS_DIR; };
		9E25ACE91411E2AC00AA9459 /* UIKit.framework */ = {isa = PBXFileReference; lastKnownFileType = wrapper.framework; name = UIKit.framework; path = System/Library/Frameworks/UIKit.framework; sourceTree = SDKROOT; };
		9E25ACEB1411E2AC00AA9459 /* Foundation.framework */ = {isa = PBXFileReference; lastKnownFileType = wrapper.framework; name = Foundation.framework; path = System/Library/Frameworks/Foundation.framework; sourceTree = SDKROOT; };
		9E25ACED1411E2AC00AA9459 /* CoreGraphics.framework */ = {isa = PBXFileReference; lastKnownFileType = wrapper.framework; name = CoreGraphics.framework; path = System/Library/Frameworks/CoreGraphics.framework; sourceTree = SDKROOT; };
		9E25ACF11411E2AC00AA9459 /* myOS-Info.plist */ = {isa = PBXFileReference; path = "myOS-Info.plist"; sourceTree = "<group>"; };
		9E25ACF31411E2AC00AA9459 /* en */ = {isa = PBXFileReference; lastKnownFileType = text.plist.strings; name = en; path = en.lproj/InfoPlist.strings; sourceTree = "<group>"; };
		9E25ACF51411E2AC00AA9459 /* main.m */ = {isa = PBXFileReference; lastKnownFileType = sourcecode.c.objc; path = main.m; sourceTree = "<group>"; };
		9E25ACF71411E2AC00AA9459 /* myOS-Prefix.pch */ = {isa = PBXFileReference; path = "myOS-Prefix.pch"; sourceTree = "<group>"; };
		9E25ACF81411E2AC00AA9459 /* myOSAppDelegate.h */ = {isa = PBXFileReference; path = myOSAppDelegate.h; sourceTree = "<group>"; };
		9E25ACF91411E2AC00AA9459 /* myOSAppDelegate.m */ = {isa = PBXFileReference; lastKnownFileType = sourcecode.c.objc; path = myOSAppDelegate.m; sourceTree = "<group>"; };
		9E25ACFC1411E2AC00AA9459 /* en */ = {isa = PBXFileReference; lastKnownFileType = file.xib; name = en; path = en.lproj/MainWindow.xib; sourceTree = "<group>"; };
/* End PBXFileReference section */

/* Begin PBXFrameworksBuildPhase section */
		9E25ACE21411E2AC00AA9459 /* Frameworks */ = {
			isa = PBXFrameworksBuildPhase;
			buildActionMask = 2147483647;
			files = (
				9E25ACEA1411E2AC00AA9459 /* UIKit.framework in Frameworks */,
				9E25ACEC1411E2AC00AA9459 /* Foundation.framework in Frameworks */,
				9E25ACEE1411E2AC00AA9459 /* CoreGraphics.framework in Frameworks */,
			);
			runOnlyForDeploymentPostprocessing = 0;
		};
/* End PBXFrameworksBuildPhase section */

/* Begin PBXGroup section */
		9E25ACDA1411E2AC00AA9459 = {
			isa = PBXGroup;
			children = (
				9E25ACEF1411E2AC00AA9459 /* myOS */,
				9E25ACE81411E2AC00AA9459 /* Frameworks */,
				9E25ACE61411E2AC00AA9459 /* Products */,
			);
			sourceTree = "<group>";
		};
		9E25ACE61411E2AC00AA9459 /* Products */ = {
			isa = PBXGroup;
			children = (
				9E25ACE51411E2AC00AA9459 /* myOS.app */,
			);
			name = Products;
			sourceTree = "<group>";
		};
		9E25ACE81411E2AC00AA9459 /* Frameworks */ = {
			isa = PBXGroup;
			children = (
				9E25ACE91411E2AC00AA9459 /* UIKit.framework */,
				9E25ACEB1411E2AC00AA9459 /* Foundation.framework */,
				9E25ACED1411E2AC00AA9459 /* CoreGraphics.framework */,
			);
			name = Frameworks;
			sourceTree = "<group>";
		};
		9E25ACEF1411E2AC00AA9459 /* myOS */ = {
			isa = PBXGroup;
			children = (
				9E25ACF81411E2AC00AA9459 /* myOSAppDelegate.h */,
				9E25ACF91411E2AC00AA9459 /* myOSAppDelegate.m */,
				9E25ACFB1411E2AC00AA9459 /* MainWindow.xib */,
				9E25ACF01411E2AC00AA9459 /* Supporting Files */,
			);
			path = myOS;
			sourceTree = "<group>";
		};
		9E25ACF01411E2AC00AA9459 /* Supporting Files */ = {
			isa = PBXGroup;
			children = (
				9E25ACF11411E2AC00AA9459 /* myOS-Info.plist */,
				9E25ACF21411E2AC00AA9459 /* InfoPlist.strings */,
				9E25ACF51411E2AC00AA9459 /* main.m */,
				9E25ACF71411E2AC00AA9459 /* myOS-Prefix.pch */,
			);
			name = "Supporting Files";
			sourceTree = "<group>";
		};
/* End PBXGroup section */

/* Begin PBXNativeTarget section */
		9E25ACE41411E2AC00AA9459 /* myOS */ = {
			isa = PBXNativeTarget;
			buildConfigurationList = 9E25AD001411E2AC00AA9459 /* Build configuration list for PBXNativeTarget "myOS" */;
			buildPhases = (
				9E25ACE11411E2AC00AA9459 /* Sources */,
				9E25ACE21411E2AC00AA9459 /* Frameworks */,
				9E25ACE31411E2AC00AA9459 /* Resources */,
			);
			buildRules = (
			);
			dependencies = (
			);
			name = myOS;
			productName = myOS;
			productReference = 9E25ACE51411E2AC00AA9459 /* myOS.app */;
			productType = "com.apple.product-type.application";
		};
/* End PBXNativeTarget section */

/* Begin PBXProject section */
		9E25ACDC1411E2AC00AA9459 /* Project object */ = {
			isa = PBXProject;
			attributes = {
				ORGANIZATIONNAME = TNS;
			};
			buildConfigurationList = 9E25ACDF1411E2AC00AA9459 /* Build configuration list for PBXProject "myOS" */;
			compatibilityVersion = "Xcode 3.2";
			developmentRegion = English;
			hasScannedForEncodings = 0;
			knownRegions = (
				en,
			);
			mainGroup = 9E25ACDA1411E2AC00AA9459;
			productRefGroup = 9E25ACE61411E2AC00AA9459 /* Products */;
			projectDirPath = "";
			projectRoot = "";
			targets = (
				9E25ACE41411E2AC00AA9459 /* myOS */,
			);
		};
/* End PBXProject section */

/* Begin PBXResourcesBuildPhase section */
		9E25ACE31411E2AC00AA9459 /* Resources */ = {
			isa = PBXResourcesBuildPhase;
			buildActionMask = 2147483647;
			files = (
				9E25ACF41411E2AC00AA9459 /* InfoPlist.strings in Resources */,
				9E25ACFD1411E2AC00AA9459 /* MainWindow.xib in Resources */,
			);
			runOnlyForDeploymentPostprocessing = 0;
		};
/* End PBXResourcesBuildPhase section */

/* Begin PBXSourcesBuildPhase section */
		9E25ACE11411E2AC00AA9459 /* Sources */ = {
			isa = PBXSourcesBuildPhase;
			buildActionMask = 2147483647;
			files = (
				9E25ACF61411E2AC00AA9459 /* main.m in Sources */,
				9E25ACFA1411E2AC00AA9459 /* myOSAppDelegate.m in Sources */,
			);
			runOnlyForDeploymentPostprocessing = 0;
		};
/* End PBXSourcesBuildPhase section */

/* Begin PBXVariantGroup section */
		9E25ACF21411E2AC00AA9459 /* InfoPlist.strings */ = {
			isa = PBXVariantGroup;
			children = (
				9E25ACF31411E2AC00AA9459 /* en */,
			);
			name = InfoPlist.strings;
			sourceTree = "<group>";
		};
		9E25ACFB1411E2AC00AA9459 /* MainWindow.xib */ = {
			isa = PBXVariantGroup;
			children = (
				9E25ACFC1411E2AC00AA9459 /* en */,
			);
			name = MainWindow.xib;
			sourceTree = "<group>";
		};
/* End PBXVariantGroup section */

/* Begin XCBuildConfiguration section */
		9E25ACFE1411E2AC00AA9459 /* Debug */ = {
			isa = XCBuildConfiguration;
			buildSettings = {
				ALWAYS_SEARCH_USER_PATHS = NO;
				ARCHS = "$(ARCHS_STANDARD_32_BIT)";
				"CODE_SIGN_IDENTITY[sdk=iphoneos*]" = "iPhone Developer";
				COPY_PHASE_STRIP = NO;
				GCC_C_LANGUAGE_STANDARD = gnu99;
				GCC_DYNAMIC_NO_PIC = NO;
				GCC_OPTIMIZATION_LEVEL = 0;
				GCC_PREPROCESSOR_DEFINITIONS = (
					"DEBUG=1",
					"$(inherited)",
				);
				GCC_SYMBOLS_PRIVATE_EXTERN = NO;
				GCC_VERSION = com.apple.compilers.llvmgcc42;
				GCC_WARN_ABOUT_MISSING_PROTOTYPES = YES;
				GCC_WARN_ABOUT_RETURN_TYPE = YES;
				GCC_WARN_UNUSED_VARIABLE = YES;
				IPHONEOS_DEPLOYMENT_TARGET = 4.3;
				SDKROOT = iphoneos;
			};
			name = Debug;
		};
		9E25ACFF1411E2AC00AA9459 /* Release */ = {
			isa = XCBuildConfiguration;
			buildSettings = {
				ALWAYS_SEARCH_USER_PATHS = NO;
				ARCHS = "$(ARCHS_STANDARD_32_BIT)";
				"CODE_SIGN_IDENTITY[sdk=iphoneos*]" = "iPhone Developer";
				COPY_PHASE_STRIP = YES;
				GCC_C_LANGUAGE_STANDARD = gnu99;
				GCC_VERSION = com.apple.compilers.llvmgcc42;
				GCC_WARN_ABOUT_MISSING_PROTOTYPES = YES;
				GCC_WARN_ABOUT_RETURN_TYPE = YES;
				GCC_WARN_UNUSED_VARIABLE = YES;
				IPHONEOS_DEPLOYMENT_TARGET = 4.3;
				OTHER_CFLAGS = "-DNS_BLOCK_ASSERTIONS=1";
				SDKROOT = iphoneos;
				VALIDATE_PRODUCT = YES;
			};
			name = Release;
		};
		9E25AD011411E2AC00AA9459 /* Debug */ = {
			isa = XCBuildConfiguration;
			buildSettings = {
				GCC_PRECOMPILE_PREFIX_HEADER = YES;
				GCC_PREFIX_HEADER = "myOS/myOS-Prefix.pch";
				INFOPLIST_FILE = "myOS/myOS-Info.plist";
				PRODUCT_NAME = "$(TARGET_NAME)";
				WRAPPER_EXTENSION = app;
			};
			name = Debug;
		};
		9E25AD021411E2AC00AA9459 /* Release */ = {
			isa = XCBuildConfiguration;
			buildSettings = {
				GCC_PRECOMPILE_PREFIX_HEADER = YES;
				GCC_PREFIX_HEADER = "myOS/myOS-Prefix.pch";
				INFOPLIST_FILE = "myOS/myOS-Info.plist";
				PRODUCT_NAME = "$(TARGET_NAME)";
				WRAPPER_EXTENSION = app;
			};
			name = Release;
		};
/* End XCBuildConfiguration section */

/* Begin XCConfigurationList section */
		9E25ACDF1411E2AC00AA9459 /* Build configuration list for PBXProject "myOS" */ = {
			isa = XCConfigurationList;
			buildConfigurations = (
				9E25ACFE1411E2AC00AA9459 /* Debug */,
				9E25ACFF1411E2AC00AA9459 /* Release */,
			);
			defaultConfigurationIsVisible = 0;
			defaultConfigurationName = Release;
		};
		9E25AD001411E2AC00AA9459 /* Build configuration list for PBXNativeTarget "myOS" */ = {
			isa = XCConfigurationList;
			buildConfigurations = (
				9E25AD011411E2AC00AA9459 /* Debug */,
				9E25AD021411E2AC00AA9459 /* Release */,
			);
			defaultConfigurationIsVisible = 0;
		};
/* End XCConfigurationList section */
	};
	rootObject = 9E25ACDC1411E2AC00AA9459 /* Project object */;
}
